// !$*UTF8*$!
{
	archiveVersion = 1;
	classes = {
	};
	objectVersion = 46;
	objects = {

/* Begin PBXBuildFile section */
		381B300352B400EE4675BEC2 /* libPods.a in Frameworks */ = {isa = PBXBuildFile; fileRef = F0D8967C0C191EA5F5002E9C /* libPods.a */; };
		5C3389F81BA2A8AF00E7B22D /* main.m in Sources */ = {isa = PBXBuildFile; fileRef = 5C3389F71BA2A8AF00E7B22D /* main.m */; };
		5C3389FB1BA2A8AF00E7B22D /* AppDelegate.m in Sources */ = {isa = PBXBuildFile; fileRef = 5C3389FA1BA2A8AF00E7B22D /* AppDelegate.m */; };
		5C3389FE1BA2A8AF00E7B22D /* ViewController.m in Sources */ = {isa = PBXBuildFile; fileRef = 5C3389FD1BA2A8AF00E7B22D /* ViewController.m */; };
		5C338A011BA2A8AF00E7B22D /* Main.storyboard in Resources */ = {isa = PBXBuildFile; fileRef = 5C3389FF1BA2A8AF00E7B22D /* Main.storyboard */; };
		5C338A031BA2A8AF00E7B22D /* Images.xcassets in Resources */ = {isa = PBXBuildFile; fileRef = 5C338A021BA2A8AF00E7B22D /* Images.xcassets */; };
		5C338A061BA2A8AF00E7B22D /* LaunchScreen.xib in Resources */ = {isa = PBXBuildFile; fileRef = 5C338A041BA2A8AF00E7B22D /* LaunchScreen.xib */; };
		5C338A121BA2A8AF00E7B22D /* ios_demoTests.m in Sources */ = {isa = PBXBuildFile; fileRef = 5C338A111BA2A8AF00E7B22D /* ios_demoTests.m */; };
/* End PBXBuildFile section */

/* Begin PBXContainerItemProxy section */
		5C338A0C1BA2A8AF00E7B22D /* PBXContainerItemProxy */ = {
			isa = PBXContainerItemProxy;
			containerPortal = 5C3389EA1BA2A8AF00E7B22D /* Project object */;
			proxyType = 1;
			remoteGlobalIDString = 5C3389F11BA2A8AF00E7B22D;
			remoteInfo = ios_demo;
		};
/* End PBXContainerItemProxy section */

/* Begin PBXFileReference section */
		5C3389F21BA2A8AF00E7B22D /* ios_demo.app */ = {isa = PBXFileReference; explicitFileType = wrapper.application; includeInIndex = 0; path = ios_demo.app; sourceTree = BUILT_PRODUCTS_DIR; };
		5C3389F61BA2A8AF00E7B22D /* Info.plist */ = {isa = PBXFileReference; lastKnownFileType = text.plist.xml; path = Info.plist; sourceTree = "<group>"; };
		5C3389F71BA2A8AF00E7B22D /* main.m */ = {isa = PBXFileReference; lastKnownFileType = sourcecode.c.objc; path = main.m; sourceTree = "<group>"; };
		5C3389F91BA2A8AF00E7B22D /* AppDelegate.h */ = {isa = PBXFileReference; lastKnownFileType = sourcecode.c.h; path = AppDelegate.h; sourceTree = "<group>"; };
		5C3389FA1BA2A8AF00E7B22D /* AppDelegate.m */ = {isa = PBXFileReference; lastKnownFileType = sourcecode.c.objc; path = AppDelegate.m; sourceTree = "<group>"; };
		5C3389FC1BA2A8AF00E7B22D /* ViewController.h */ = {isa = PBXFileReference; lastKnownFileType = sourcecode.c.h; path = ViewController.h; sourceTree = "<group>"; };
		5C3389FD1BA2A8AF00E7B22D /* ViewController.m */ = {isa = PBXFileReference; lastKnownFileType = sourcecode.c.objc; path = ViewController.m; sourceTree = "<group>"; };
		5C338A001BA2A8AF00E7B22D /* Base */ = {isa = PBXFileReference; lastKnownFileType = file.storyboard; name = Base; path = Base.lproj/Main.storyboard; sourceTree = "<group>"; };
		5C338A021BA2A8AF00E7B22D /* Images.xcassets */ = {isa = PBXFileReference; lastKnownFileType = folder.assetcatalog; path = Images.xcassets; sourceTree = "<group>"; };
		5C338A051BA2A8AF00E7B22D /* Base */ = {isa = PBXFileReference; lastKnownFileType = file.xib; name = Base; path = Base.lproj/LaunchScreen.xib; sourceTree = "<group>"; };
		5C338A0B1BA2A8AF00E7B22D /* ios_demoTests.xctest */ = {isa = PBXFileReference; explicitFileType = wrapper.cfbundle; includeInIndex = 0; path = ios_demoTests.xctest; sourceTree = BUILT_PRODUCTS_DIR; };
		5C338A101BA2A8AF00E7B22D /* Info.plist */ = {isa = PBXFileReference; lastKnownFileType = text.plist.xml; path = Info.plist; sourceTree = "<group>"; };
		5C338A111BA2A8AF00E7B22D /* ios_demoTests.m */ = {isa = PBXFileReference; lastKnownFileType = sourcecode.c.objc; path = ios_demoTests.m; sourceTree = "<group>"; };
		6B5482C602990AB792F88929 /* Pods.debug.xcconfig */ = {isa = PBXFileReference; includeInIndex = 1; lastKnownFileType = text.xcconfig; name = Pods.debug.xcconfig; path = "Pods/Target Support Files/Pods/Pods.debug.xcconfig"; sourceTree = "<group>"; };
		B38A07D471DB00C542042868 /* Pods.release.xcconfig */ = {isa = PBXFileReference; includeInIndex = 1; lastKnownFileType = text.xcconfig; name = Pods.release.xcconfig; path = "Pods/Target Support Files/Pods/Pods.release.xcconfig"; sourceTree = "<group>"; };
		F0D8967C0C191EA5F5002E9C /* libPods.a */ = {isa = PBXFileReference; explicitFileType = archive.ar; includeInIndex = 0; path = libPods.a; sourceTree = BUILT_PRODUCTS_DIR; };
/* End PBXFileReference section */

/* Begin PBXFrameworksBuildPhase section */
		5C3389EF1BA2A8AF00E7B22D /* Frameworks */ = {
			isa = PBXFrameworksBuildPhase;
			buildActionMask = 2147483647;
			files = (
				381B300352B400EE4675BEC2 /* libPods.a in Frameworks */,
			);
			runOnlyForDeploymentPostprocessing = 0;
		};
		5C338A081BA2A8AF00E7B22D /* Frameworks */ = {
			isa = PBXFrameworksBuildPhase;
			buildActionMask = 2147483647;
			files = (
			);
			runOnlyForDeploymentPostprocessing = 0;
		};
/* End PBXFrameworksBuildPhase section */

/* Begin PBXGroup section */
		2678DEBCC74B19653A11A885 /* Frameworks */ = {
			isa = PBXGroup;
			children = (
				F0D8967C0C191EA5F5002E9C /* libPods.a */,
			);
			name = Frameworks;
			sourceTree = "<group>";
		};
		5C3389E91BA2A8AF00E7B22D = {
			isa = PBXGroup;
			children = (
				5C3389F41BA2A8AF00E7B22D /* ios_demo */,
				5C338A0E1BA2A8AF00E7B22D /* ios_demoTests */,
				5C3389F31BA2A8AF00E7B22D /* Products */,
				F43A7CBF5D129B0F186C37B5 /* Pods */,
				2678DEBCC74B19653A11A885 /* Frameworks */,
			);
			sourceTree = "<group>";
		};
		5C3389F31BA2A8AF00E7B22D /* Products */ = {
			isa = PBXGroup;
			children = (
				5C3389F21BA2A8AF00E7B22D /* ios_demo.app */,
				5C338A0B1BA2A8AF00E7B22D /* ios_demoTests.xctest */,
			);
			name = Products;
			sourceTree = "<group>";
		};
		5C3389F41BA2A8AF00E7B22D /* ios_demo */ = {
			isa = PBXGroup;
			children = (
				5C3389F91BA2A8AF00E7B22D /* AppDelegate.h */,
				5C3389FA1BA2A8AF00E7B22D /* AppDelegate.m */,
				5C3389FC1BA2A8AF00E7B22D /* ViewController.h */,
				5C3389FD1BA2A8AF00E7B22D /* ViewController.m */,
				5C3389FF1BA2A8AF00E7B22D /* Main.storyboard */,
				5C338A021BA2A8AF00E7B22D /* Images.xcassets */,
				5C338A041BA2A8AF00E7B22D /* LaunchScreen.xib */,
				5C3389F51BA2A8AF00E7B22D /* Supporting Files */,
			);
			path = ios_demo;
			sourceTree = "<group>";
		};
		5C3389F51BA2A8AF00E7B22D /* Supporting Files */ = {
			isa = PBXGroup;
			children = (
				5C3389F61BA2A8AF00E7B22D /* Info.plist */,
				5C3389F71BA2A8AF00E7B22D /* main.m */,
			);
			name = "Supporting Files";
			sourceTree = "<group>";
		};
		5C338A0E1BA2A8AF00E7B22D /* ios_demoTests */ = {
			isa = PBXGroup;
			children = (
				5C338A111BA2A8AF00E7B22D /* ios_demoTests.m */,
				5C338A0F1BA2A8AF00E7B22D /* Supporting Files */,
			);
			path = ios_demoTests;
			sourceTree = "<group>";
		};
		5C338A0F1BA2A8AF00E7B22D /* Supporting Files */ = {
			isa = PBXGroup;
			children = (
				5C338A101BA2A8AF00E7B22D /* Info.plist */,
			);
			name = "Supporting Files";
			sourceTree = "<group>";
		};
		F43A7CBF5D129B0F186C37B5 /* Pods */ = {
			isa = PBXGroup;
			children = (
				6B5482C602990AB792F88929 /* Pods.debug.xcconfig */,
				B38A07D471DB00C542042868 /* Pods.release.xcconfig */,
			);
			name = Pods;
			sourceTree = "<group>";
		};
/* End PBXGroup section */

/* Begin PBXNativeTarget section */
		5C3389F11BA2A8AF00E7B22D /* ios_demo */ = {
			isa = PBXNativeTarget;
			buildConfigurationList = 5C338A151BA2A8AF00E7B22D /* Build configuration list for PBXNativeTarget "ios_demo" */;
			buildPhases = (
				A8413DBF624668F06730FB72 /* Check Pods Manifest.lock */,
				5C3389EE1BA2A8AF00E7B22D /* Sources */,
				5C3389EF1BA2A8AF00E7B22D /* Frameworks */,
				5C3389F01BA2A8AF00E7B22D /* Resources */,
				FB627FADA396F31DE24155CC /* Copy Pods Resources */,
			);
			buildRules = (
			);
			dependencies = (
			);
			name = ios_demo;
			productName = ios_demo;
			productReference = 5C3389F21BA2A8AF00E7B22D /* ios_demo.app */;
			productType = "com.apple.product-type.application";
		};
		5C338A0A1BA2A8AF00E7B22D /* ios_demoTests */ = {
			isa = PBXNativeTarget;
			buildConfigurationList = 5C338A181BA2A8AF00E7B22D /* Build configuration list for PBXNativeTarget "ios_demoTests" */;
			buildPhases = (
				5C338A071BA2A8AF00E7B22D /* Sources */,
				5C338A081BA2A8AF00E7B22D /* Frameworks */,
				5C338A091BA2A8AF00E7B22D /* Resources */,
			);
			buildRules = (
			);
			dependencies = (
				5C338A0D1BA2A8AF00E7B22D /* PBXTargetDependency */,
			);
			name = ios_demoTests;
			productName = ios_demoTests;
			productReference = 5C338A0B1BA2A8AF00E7B22D /* ios_demoTests.xctest */;
			productType = "com.apple.product-type.bundle.unit-test";
		};
/* End PBXNativeTarget section */

/* Begin PBXProject section */
		5C3389EA1BA2A8AF00E7B22D /* Project object */ = {
			isa = PBXProject;
			attributes = {
				LastUpgradeCheck = 0640;
				ORGANIZATIONNAME = wsc;
				TargetAttributes = {
					5C3389F11BA2A8AF00E7B22D = {
						CreatedOnToolsVersion = 6.4;
					};
					5C338A0A1BA2A8AF00E7B22D = {
						CreatedOnToolsVersion = 6.4;
						TestTargetID = 5C3389F11BA2A8AF00E7B22D;
					};
				};
			};
			buildConfigurationList = 5C3389ED1BA2A8AF00E7B22D /* Build configuration list for PBXProject "ios_demo" */;
			compatibilityVersion = "Xcode 3.2";
			developmentRegion = English;
			hasScannedForEncodings = 0;
			knownRegions = (
				en,
				Base,
			);
			mainGroup = 5C3389E91BA2A8AF00E7B22D;
			productRefGroup = 5C3389F31BA2A8AF00E7B22D /* Products */;
			projectDirPath = "";
			projectRoot = "";
			targets = (
				5C3389F11BA2A8AF00E7B22D /* ios_demo */,
				5C338A0A1BA2A8AF00E7B22D /* ios_demoTests */,
			);
		};
/* End PBXProject section */

/* Begin PBXResourcesBuildPhase section */
		5C3389F01BA2A8AF00E7B22D /* Resources */ = {
			isa = PBXResourcesBuildPhase;
			buildActionMask = 2147483647;
			files = (
				5C338A011BA2A8AF00E7B22D /* Main.storyboard in Resources */,
				5C338A061BA2A8AF00E7B22D /* LaunchScreen.xib in Resources */,
				5C338A031BA2A8AF00E7B22D /* Images.xcassets in Resources */,
			);
			runOnlyForDeploymentPostprocessing = 0;
		};
		5C338A091BA2A8AF00E7B22D /* Resources */ = {
			isa = PBXResourcesBuildPhase;
			buildActionMask = 2147483647;
			files = (
			);
			runOnlyForDeploymentPostprocessing = 0;
		};
/* End PBXResourcesBuildPhase section */

/* Begin PBXShellScriptBuildPhase section */
		A8413DBF624668F06730FB72 /* Check Pods Manifest.lock */ = {
			isa = PBXShellScriptBuildPhase;
			buildActionMask = 2147483647;
			files = (
			);
			inputPaths = (
			);
			name = "Check Pods Manifest.lock";
			outputPaths = (
			);
			runOnlyForDeploymentPostprocessing = 0;
			shellPath = /bin/sh;
			shellScript = "diff \"${PODS_ROOT}/../Podfile.lock\" \"${PODS_ROOT}/Manifest.lock\" > /dev/null\nif [[ $? != 0 ]] ; then\n    cat << EOM\nerror: The sandbox is not in sync with the Podfile.lock. Run 'pod install' or update your CocoaPods installation.\nEOM\n    exit 1\nfi\n";
			showEnvVarsInLog = 0;
		};
		FB627FADA396F31DE24155CC /* Copy Pods Resources */ = {
			isa = PBXShellScriptBuildPhase;
			buildActionMask = 2147483647;
			files = (
			);
			inputPaths = (
			);
			name = "Copy Pods Resources";
			outputPaths = (
			);
			runOnlyForDeploymentPostprocessing = 0;
			shellPath = /bin/sh;
			shellScript = "\"${SRCROOT}/Pods/Target Support Files/Pods/Pods-resources.sh\"\n";
			showEnvVarsInLog = 0;
		};
/* End PBXShellScriptBuildPhase section */

/* Begin PBXSourcesBuildPhase section */
		5C3389EE1BA2A8AF00E7B22D /* Sources */ = {
			isa = PBXSourcesBuildPhase;
			buildActionMask = 2147483647;
			files = (
				5C3389FE1BA2A8AF00E7B22D /* ViewController.m in Sources */,
				5C3389FB1BA2A8AF00E7B22D /* AppDelegate.m in Sources */,
				5C3389F81BA2A8AF00E7B22D /* main.m in Sources */,
			);
			runOnlyForDeploymentPostprocessing = 0;
		};
		5C338A071BA2A8AF00E7B22D /* Sources */ = {
			isa = PBXSourcesBuildPhase;
			buildActionMask = 2147483647;
			files = (
				5C338A121BA2A8AF00E7B22D /* ios_demoTests.m in Sources */,
			);
			runOnlyForDeploymentPostprocessing = 0;
		};
/* End PBXSourcesBuildPhase section */

/* Begin PBXTargetDependency section */
		5C338A0D1BA2A8AF00E7B22D /* PBXTargetDependency */ = {
			isa = PBXTargetDependency;
			target = 5C3389F11BA2A8AF00E7B22D /* ios_demo */;
			targetProxy = 5C338A0C1BA2A8AF00E7B22D /* PBXContainerItemProxy */;
		};
/* End PBXTargetDependency section */

/* Begin PBXVariantGroup section */
		5C3389FF1BA2A8AF00E7B22D /* Main.storyboard */ = {
			isa = PBXVariantGroup;
			children = (
				5C338A001BA2A8AF00E7B22D /* Base */,
			);
			name = Main.storyboard;
			sourceTree = "<group>";
		};
		5C338A041BA2A8AF00E7B22D /* LaunchScreen.xib */ = {
			isa = PBXVariantGroup;
			children = (
				5C338A051BA2A8AF00E7B22D /* Base */,
			);
			name = LaunchScreen.xib;
			sourceTree = "<group>";
		};
/* End PBXVariantGroup section */

/* Begin XCBuildConfiguration section */
		5C338A131BA2A8AF00E7B22D /* Debug */ = {
			isa = XCBuildConfiguration;
			buildSettings = {
				ALWAYS_SEARCH_USER_PATHS = NO;
				CLANG_CXX_LANGUAGE_STANDARD = "gnu++0x";
				CLANG_CXX_LIBRARY = "libc++";
				CLANG_ENABLE_MODULES = YES;
				CLANG_ENABLE_OBJC_ARC = YES;
				CLANG_WARN_BOOL_CONVERSION = YES;
				CLANG_WARN_CONSTANT_CONVERSION = YES;
				CLANG_WARN_DIRECT_OBJC_ISA_USAGE = YES_ERROR;
				CLANG_WARN_EMPTY_BODY = YES;
				CLANG_WARN_ENUM_CONVERSION = YES;
				CLANG_WARN_INT_CONVERSION = YES;
				CLANG_WARN_OBJC_ROOT_CLASS = YES_ERROR;
				CLANG_WARN_UNREACHABLE_CODE = YES;
				CLANG_WARN__DUPLICATE_METHOD_MATCH = YES;
				"CODE_SIGN_IDENTITY[sdk=iphoneos*]" = "iPhone Developer";
				COPY_PHASE_STRIP = NO;
				DEBUG_INFORMATION_FORMAT = "dwarf-with-dsym";
				ENABLE_STRICT_OBJC_MSGSEND = YES;
				GCC_C_LANGUAGE_STANDARD = gnu99;
				GCC_DYNAMIC_NO_PIC = NO;
				GCC_NO_COMMON_BLOCKS = YES;
				GCC_OPTIMIZATION_LEVEL = 0;
				GCC_PREPROCESSOR_DEFINITIONS = (
					"DEBUG=1",
					"$(inherited)",
				);
				GCC_SYMBOLS_PRIVATE_EXTERN = NO;
				GCC_WARN_64_TO_32_BIT_CONVERSION = YES;
				GCC_WARN_ABOUT_RETURN_TYPE = YES_ERROR;
				GCC_WARN_UNDECLARED_SELECTOR = YES;
				GCC_WARN_UNINITIALIZED_AUTOS = YES_AGGRESSIVE;
				GCC_WARN_UNUSED_FUNCTION = YES;
				GCC_WARN_UNUSED_VARIABLE = YES;
				IPHONEOS_DEPLOYMENT_TARGET = 8.4;
				MTL_ENABLE_DEBUG_INFO = YES;
				ONLY_ACTIVE_ARCH = YES;
				SDKROOT = iphoneos;
				TARGETED_DEVICE_FAMILY = "1,2";
			};
			name = Debug;
		};
		5C338A141BA2A8AF00E7B22D /* Release */ = {
			isa = XCBuildConfiguration;
			buildSettings = {
				ALWAYS_SEARCH_USER_PATHS = NO;
				CLANG_CXX_LANGUAGE_STANDARD = "gnu++0x";
				CLANG_CXX_LIBRARY = "libc++";
				CLANG_ENABLE_MODULES = YES;
				CLANG_ENABLE_OBJC_ARC = YES;
				CLANG_WARN_BOOL_CONVERSION = YES;
				CLANG_WARN_CONSTANT_CONVERSION = YES;
				CLANG_WARN_DIRECT_OBJC_ISA_USAGE = YES_ERROR;
				CLANG_WARN_EMPTY_BODY = YES;
				CLANG_WARN_ENUM_CONVERSION = YES;
				CLANG_WARN_INT_CONVERSION = YES;
				CLANG_WARN_OBJC_ROOT_CLASS = YES_ERROR;
				CLANG_WARN_UNREACHABLE_CODE = YES;
				CLANG_WARN__DUPLICATE_METHOD_MATCH = YES;
				"CODE_SIGN_IDENTITY[sdk=iphoneos*]" = "iPhone Developer";
				COPY_PHASE_STRIP = NO;
				DEBUG_INFORMATION_FORMAT = "dwarf-with-dsym";
				ENABLE_NS_ASSERTIONS = NO;
				ENABLE_STRICT_OBJC_MSGSEND = YES;
				GCC_C_LANGUAGE_STANDARD = gnu99;
				GCC_NO_COMMON_BLOCKS = YES;
				GCC_WARN_64_TO_32_BIT_CONVERSION = YES;
				GCC_WARN_ABOUT_RETURN_TYPE = YES_ERROR;
				GCC_WARN_UNDECLARED_SELECTOR = YES;
				GCC_WARN_UNINITIALIZED_AUTOS = YES_AGGRESSIVE;
				GCC_WARN_UNUSED_FUNCTION = YES;
				GCC_WARN_UNUSED_VARIABLE = YES;
				IPHONEOS_DEPLOYMENT_TARGET = 8.4;
				MTL_ENABLE_DEBUG_INFO = NO;
				SDKROOT = iphoneos;
				TARGETED_DEVICE_FAMILY = "1,2";
				VALIDATE_PRODUCT = YES;
			};
			name = Release;
		};
		5C338A161BA2A8AF00E7B22D /* Debug */ = {
			isa = XCBuildConfiguration;
			baseConfigurationReference = 6B5482C602990AB792F88929 /* Pods.debug.xcconfig */;
			buildSettings = {
				ASSETCATALOG_COMPILER_APPICON_NAME = AppIcon;
				INFOPLIST_FILE = ios_demo/Info.plist;
				LD_RUNPATH_SEARCH_PATHS = "$(inherited) @executable_path/Frameworks";
				PRODUCT_NAME = "$(TARGET_NAME)";
			};
			name = Debug;
		};
		5C338A171BA2A8AF00E7B22D /* Release */ = {
			isa = XCBuildConfiguration;
			baseConfigurationReference = B38A07D471DB00C542042868 /* Pods.release.xcconfig */;
			buildSettings = {
				ASSETCATALOG_COMPILER_APPICON_NAME = AppIcon;
				INFOPLIST_FILE = ios_demo/Info.plist;
				LD_RUNPATH_SEARCH_PATHS = "$(inherited) @executable_path/Frameworks";
				PRODUCT_NAME = "$(TARGET_NAME)";
			};
			name = Release;
		};
		5C338A191BA2A8AF00E7B22D /* Debug */ = {
			isa = XCBuildConfiguration;
			buildSettings = {
				BUNDLE_LOADER = "$(TEST_HOST)";
				FRAMEWORK_SEARCH_PATHS = (
					"$(SDKROOT)/Developer/Library/Frameworks",
					"$(inherited)",
				);
				GCC_PREPROCESSOR_DEFINITIONS = (
					"DEBUG=1",
					"$(inherited)",
				);
				INFOPLIST_FILE = ios_demoTests/Info.plist;
				LD_RUNPATH_SEARCH_PATHS = "$(inherited) @executable_path/Frameworks @loader_path/Frameworks";
				PRODUCT_NAME = "$(TARGET_NAME)";
				TEST_HOST = "$(BUILT_PRODUCTS_DIR)/ios_demo.app/ios_demo";
			};
			name = Debug;
		};
		5C338A1A1BA2A8AF00E7B22D /* Release */ = {
			isa = XCBuildConfiguration;
			buildSettings = {
				BUNDLE_LOADER = "$(TEST_HOST)";
				FRAMEWORK_SEARCH_PATHS = (
					"$(SDKROOT)/Developer/Library/Frameworks",
					"$(inherited)",
				);
				INFOPLIST_FILE = ios_demoTests/Info.plist;
				LD_RUNPATH_SEARCH_PATHS = "$(inherited) @executable_path/Frameworks @loader_path/Frameworks";
				PRODUCT_NAME = "$(TARGET_NAME)";
				TEST_HOST = "$(BUILT_PRODUCTS_DIR)/ios_demo.app/ios_demo";
			};
			name = Release;
		};
/* End XCBuildConfiguration section */

/* Begin XCConfigurationList section */
		5C3389ED1BA2A8AF00E7B22D /* Build configuration list for PBXProject "ios_demo" */ = {
			isa = XCConfigurationList;
			buildConfigurations = (
				5C338A131BA2A8AF00E7B22D /* Debug */,
				5C338A141BA2A8AF00E7B22D /* Release */,
			);
			defaultConfigurationIsVisible = 0;
			defaultConfigurationName = Release;
		};
		5C338A151BA2A8AF00E7B22D /* Build configuration list for PBXNativeTarget "ios_demo" */ = {
			isa = XCConfigurationList;
			buildConfigurations = (
				5C338A161BA2A8AF00E7B22D /* Debug */,
				5C338A171BA2A8AF00E7B22D /* Release */,
			);
			defaultConfigurationIsVisible = 0;
			defaultConfigurationName = Release;
		};
		5C338A181BA2A8AF00E7B22D /* Build configuration list for PBXNativeTarget "ios_demoTests" */ = {
			isa = XCConfigurationList;
			buildConfigurations = (
				5C338A191BA2A8AF00E7B22D /* Debug */,
				5C338A1A1BA2A8AF00E7B22D /* Release */,
			);
			defaultConfigurationIsVisible = 0;
			defaultConfigurationName = Release;
		};
/* End XCConfigurationList section */
	};
	rootObject = 5C3389EA1BA2A8AF00E7B22D /* Project object */;
}
